
Microsoft Visual Studio Solution File, Format Version 12.00
# Visual Studio Version 17
VisualStudioVersion = 17.14.36221.1 d17.14
MinimumVisualStudioVersion = 10.0.40219.1
Project("{FAE04EC0-301F-11D3-BF4B-00C04F79EFBC}") = "Lesson_10", "Lesson_10\Lesson_10.csproj", "{CA30D607-FA9B-419E-902A-73109AD32549}"
EndProject
Global
	GlobalSection(SolutionConfigurationPlatforms) = preSolution
		Debug|Any CPU = Debug|Any CPU
		Release|Any CPU = Release|Any CPU
	EndGlobalSection
	GlobalSection(ProjectConfigurationPlatforms) = postSolution
		{CA30D607-FA9B-419E-902A-73109AD32549}.Debug|Any CPU.ActiveCfg = Debug|Any CPU
		{CA30D607-FA9B-419E-902A-73109AD32549}.Debug|Any CPU.Build.0 = Debug|Any CPU
		{CA30D607-FA9B-419E-902A-73109AD32549}.Release|Any CPU.ActiveCfg = Release|Any CPU
		{CA30D607-FA9B-419E-902A-73109AD32549}.Release|Any CPU.Build.0 = Release|Any CPU
	EndGlobalSection
	GlobalSection(SolutionProperties) = preSolution
		HideSolutionNode = FALSE
	EndGlobalSection
	GlobalSection(ExtensibilityGlobals) = postSolution
		SolutionGuid = {F3B95286-7D06-4D23-B88C-118265472781}
	EndGlobalSection
EndGlobal
